# This file is autogenerated, do not edit; changes may be undone by the next 'dep ensure'.


[[projects]]
  digest = "1:b54ea408c3a0a82d6d644fbb4468d00b50b1368482abc337aec72b60a3ea7c12"
  name = "github.com/checkpoint-restore/go-criu"
  packages = ["rpc"]
  pruneopts = "NUT"
  revision = "17b0214f6c48980c45dc47ecb0cfd6d9e02df723"
  version = "v3.11"

[[projects]]
  branch = "master"
  digest = "1:8ecb89af7dfe3ac401bdb0c9390b134ef96a97e85f732d2b0604fb7b3977839f"
  name = "github.com/codahale/hdrhistogram"
  packages = ["."]
  pruneopts = "NUT"
  revision = "3a0bb77429bd3a61596f5e8a3172445844342120"

[[projects]]
  digest = "1:f366457ff35859c2de7fb1e7c0842595d55aa362c6174259f58a3cbf4cb7c727"
  name = "github.com/containerd/console"
  packages = ["."]
  pruneopts = "NUT"
  revision = "2748ece16665b45a47f884001d5831ec79703880"

[[projects]]
  digest = "1:6bf7f66890675dcbc7952f7afd044a2a46a8bd3143f837c46fd3ccd15da383d7"
  name = "github.com/coreos/go-systemd"
  packages = ["dbus"]
  pruneopts = "NUT"
  revision = "d2196463941895ee908e13531a23a39feb9e1243"
  version = "v15"

[[projects]]
  digest = "1:b261184aa7fc63d6a1020b8bb386fcf6d0a7f37262dc5102fc9db4739fa17f18"
  name = "github.com/cyphar/filepath-securejoin"
  packages = ["."]
  pruneopts = "NUT"
  revision = "06bda8370f45268db985f7af15732444d94ed51c"
  version = "v0.2.1"

[[projects]]
  digest = "1:a2c1d0e43bd3baaa071d1b9ed72c27d78169b2b269f71c105ac4ba34b1be4a39"
  name = "github.com/davecgh/go-spew"
  packages = ["spew"]
  pruneopts = "NUT"
  revision = "346938d642f2ec3594ed81d874461961cd0faa76"
  version = "v1.1.0"

[[projects]]
  digest = "1:68ee5b1250f956e3861277624ba80a1e5332d45c19c785e5bbc0a97c9bc019fe"
  name = "github.com/docker/docker"
  packages = ["pkg/parsers"]
  pruneopts = "NUT"
  revision = "092cba3727bb9b4a2f0e922cd6c0f93ea270e363"
  version = "v1.13.1"

[[projects]]
  digest = "1:9d8fe33c2e1aa01c76db67f285ffdb7dbdb5c5d90d9deb296526d67b9798ce7b"
  name = "github.com/docker/go-units"
  packages = ["."]
  pruneopts = "NUT"
  revision = "0dadbb0345b35ec7ef35e228dabb8de89a65bf52"
  version = "v0.3.2"

[[projects]]
  digest = "1:ca3369c0fc8d471d8698f85a37a4f8c98a847402681a31431fb87a84fa2e5373"
  name = "github.com/godbus/dbus"
  packages = ["."]
  pruneopts = "NUT"
  revision = "a389bdde4dd695d414e47b755e95e72b7826432c"
  version = "v4.1.0"

[[projects]]
  digest = "1:c2c054176243698768c1609bde19eb70589f7c4cbb3c52a8a262a3e412371b4e"
  name = "github.com/gogo/protobuf"
  packages = [
    "gogoproto",
    "jsonpb",
    "proto",
    "protoc-gen-gogo/descriptor",
    "sortkeys",
    "types",
  ]
  pruneopts = "NUT"
  revision = "4cbf7e384e768b4e01799441fdf2a706a5635ae7"

[[projects]]
  digest = "1:0d390d7037c2aecc37e78c2cfbe43d020d6f1fa83fd22266b7ec621189447d57"
  name = "github.com/golang/protobuf"
  packages = [
    "proto",
    "ptypes",
    "ptypes/any",
    "ptypes/duration",
    "ptypes/timestamp",
  ]
  pruneopts = "NUT"
  revision = "1e59b77b52bf8e4b449a57e6f79f21226d571845"

[[projects]]
  branch = "master"
  digest = "1:7b760aa6dbe426378f54934270dde1b176fda379111da2154748f030fffe4d3f"
  name = "github.com/grpc-ecosystem/grpc-opentracing"
  packages = ["go/otgrpc"]
  pruneopts = "NUT"
  revision = "8e809c8a86450a29b90dcc9efbf062d0fe6d9746"

[[projects]]
  digest = "1:63e0b20cfa3fe456480edf93a7995f776afb610e49da8e3da04d8904472a44cc"
  name = "github.com/hashicorp/yamux"
  packages = ["."]
  pruneopts = "NUT"
  revision = "cc6d2ea263b2471faabce371255777a365bf8306"

[[projects]]
  digest = "1:58999a98719fddbac6303cb17e8d85b945f60b72f48e3a2df6b950b97fa926f1"
  name = "github.com/konsorten/go-windows-terminal-sequences"
  packages = ["."]
  pruneopts = "NUT"
  revision = "f55edac94c9bbba5d6182a4be46d86a2c9b5b50e"
  version = "v1.0.2"

[[projects]]
  digest = "1:b09f78822be5d574e052d4e377b133bac445cdbcbfaf884e0704f870e509ef21"
  name = "github.com/mdlayher/vsock"
  packages = ["."]
  pruneopts = "NUT"
  revision = "7b7533a7ca4eba7dd23dab2de70e25ca6eecf7e2"

[[projects]]
  branch = "master"
  digest = "1:82c0ef22672c38cfa08087be8ff427d7285c161bfff21a1fbf0ec8c2aedcccb0"
  name = "github.com/mrunalp/fileutils"
  packages = ["."]
  pruneopts = "NUT"
  revision = "7d4729fb36185a7c1719923406c9d40e54fb93c7"

[[projects]]
  digest = "1:f080ede606260f5e0b28b458189777d3ea1da9a2548ebaa51146d2c3512df3fa"
  name = "github.com/opencontainers/runc"
  packages = [
    "libcontainer",
    "libcontainer/apparmor",
    "libcontainer/cgroups",
    "libcontainer/cgroups/fs",
    "libcontainer/cgroups/systemd",
    "libcontainer/configs",
    "libcontainer/configs/validate",
    "libcontainer/intelrdt",
    "libcontainer/keys",
    "libcontainer/logs",
    "libcontainer/mount",
    "libcontainer/nsenter",
    "libcontainer/seccomp",
    "libcontainer/specconv",
    "libcontainer/stacktrace",
    "libcontainer/system",
    "libcontainer/user",
    "libcontainer/utils",
  ]
  pruneopts = "NUT"
  revision = "d736ef14f0288d6993a1845745d6756cfc9ddd5a"

[[projects]]
  digest = "1:7a58202c5cdf3d2c1eb0621fe369315561cea7f036ad10f0f0479ac36bcc95eb"
  name = "github.com/opencontainers/runtime-spec"
  packages = ["specs-go"]
  pruneopts = "NUT"
  revision = "a1b50f621a48ad13f8f696a162f684a241307db0"

[[projects]]
  digest = "1:3e824b6fb758a8b021d30b613d84e7404d06d33c8f43f92baed633427836736c"
  name = "github.com/opencontainers/selinux"
  packages = [
    "go-selinux",
    "go-selinux/label",
  ]
  pruneopts = "NUT"
  revision = "3a1f366feb7aecbf7a0e71ac4cea88b31597de9e"
  version = "v1.2.2"

[[projects]]
  digest = "1:7da29c22bcc5c2ffb308324377dc00b5084650348c2799e573ed226d8cc9faf0"
  name = "github.com/opentracing/opentracing-go"
  packages = [
    ".",
    "ext",
    "log",
  ]
  pruneopts = "NUT"
  revision = "1949ddbfd147afd4d964a9f00b24eb291e0e7c38"
  version = "v1.0.2"

[[projects]]
  digest = "1:5cf3f025cbee5951a4ee961de067c8a89fc95a5adabead774f82822efabab121"
  name = "github.com/pkg/errors"
  packages = ["."]
  pruneopts = "NUT"
  revision = "645ef00459ed84a119197bfb8d8205042c6df63d"
  version = "v0.8.0"

[[projects]]
  digest = "1:0028cb19b2e4c3112225cd871870f2d9cf49b9b4276531f03438a88e94be86fe"
  name = "github.com/pmezard/go-difflib"
  packages = ["difflib"]
  pruneopts = "NUT"
  revision = "792786c7400a136282c1664665ae0a8db921c6c2"
  version = "v1.0.0"

[[projects]]
  digest = "1:7b02ff4e128026aee68ea968024f40e4030df0524d563c5b41d638bd791d1a3e"
  name = "github.com/seccomp/libseccomp-golang"
  packages = ["."]
  pruneopts = "NUT"
  revision = "689e3c1541a84461afc49c1c87352a6cedf72e9c"
  version = "v0.9.1"

[[projects]]
  digest = "1:f4aaa07a6c33f2b354726d0571acbc8ca118837c75709f6353203ae1a3f8eeab"
  name = "github.com/sirupsen/logrus"
  packages = ["."]
  pruneopts = "NUT"
  revision = "v1.4.2"

[[projects]]
  digest = "1:20671b6c665af6f81a4378d1c9312f9a14b955da7b44c8ea56fc95522d4d4355"
  name = "github.com/stretchr/testify"
  packages = ["assert"]
  pruneopts = "NUT"
  revision = "87b1dfb5b2fa649f52695dd9eae19abe404a4308"

[[projects]]
  branch = "master"
  digest = "1:e14e467ed00ab98665623c5060fa17e3d7079be560ffc33cabafd05d35894f05"
  name = "github.com/syndtr/gocapability"
  packages = ["capability"]
  pruneopts = "NUT"
  revision = "d98352740cb2c55f81556b63d4a1ec64c5a319c2"

[[projects]]
  digest = "1:87dee780f88f86f300bbd90116e933347cf4a3c65c1960072d412597a8896d50"
  name = "github.com/uber/jaeger-client-go"
  packages = [
    ".",
    "config",
    "internal/baggage",
    "internal/baggage/remote",
    "internal/spanlog",
    "internal/throttler",
    "internal/throttler/remote",
    "log",
    "rpcmetrics",
    "thrift",
    "thrift-gen/agent",
    "thrift-gen/baggage",
    "thrift-gen/jaeger",
    "thrift-gen/sampling",
    "thrift-gen/zipkincore",
    "transport",
    "utils",
  ]
  pruneopts = "NUT"
  revision = "1a782e2da844727691fef1757c72eb190c2909f0"
  version = "v2.15.0"

[[projects]]
  digest = "1:0f09db8429e19d57c8346ad76fbbc679341fa86073d3b8fb5ac919f0357d8f4c"
  name = "github.com/uber/jaeger-lib"
  packages = ["metrics"]
  pruneopts = "NUT"
  revision = "ed3a127ec5fef7ae9ea95b01b542c47fbd999ce5"
  version = "v1.5.0"

[[projects]]
  digest = "1:2102a6328eb29d39c528696fe92fb347d5bc5a10b181ced1f80ffaabec45d538"
  name = "github.com/vishvananda/netlink"
  packages = [
    ".",
    "nl",
  ]
  pruneopts = "NUT"
  revision = "2cbcf73e3dcdaa63941d0ec4008e69c089434756"

[[projects]]
  branch = "master"
  digest = "1:cfa9b2092e9b5f46feaa6c0d7a957618cd74d26cb2a72e3638f3ead773b23854"
  name = "github.com/vishvananda/netns"
  packages = ["."]
  pruneopts = "NUT"
  revision = "be1fbeda19366dea804f00efff2dd73a1642fdcc"

[[projects]]
  digest = "1:b20c63a56900e442d5f435613fefc9392cbe8849467510fcc3869dbdad9441bb"
  name = "golang.org/x/net"
  packages = [
    "context",
    "http2",
    "http2/hpack",
    "idna",
    "internal/timeseries",
    "lex/httplex",
    "trace",
  ]
  pruneopts = "NUT"
  revision = "a8b9294777976932365dabb6640cf1468d95c70f"

[[projects]]
  digest = "1:5420733d35e5e562fffc7c5b99660f3587af042b5420f19b17fe0426e6a5259d"
  name = "golang.org/x/sys"
  packages = [
    "unix",
    "windows",
  ]
  pruneopts = "NUT"
  revision = "ac767d655b305d4e9612f5f6e33120b9176c4ad4"

[[projects]]
  branch = "master"
  digest = "1:b2d78fc58a30271a4c1b8b1daf5f4db2a09e9fb57b2c8b7a90f632951ee3699b"
  name = "golang.org/x/text"
  packages = [
    "collate",
    "collate/build",
    "internal/colltab",
    "internal/gen",
    "internal/tag",
    "internal/triegen",
    "internal/ucd",
    "language",
    "secure/bidirule",
    "transform",
    "unicode/bidi",
    "unicode/cldr",
    "unicode/norm",
    "unicode/rangetable",
  ]
  pruneopts = "NUT"
  revision = "57961680700a5336d15015c8c50686ca5ba362a4"

[[projects]]
  branch = "master"
  digest = "1:cd018653a358d4b743a9d3bee89e825521f2ab2f2ec0770164bf7632d8d73ab7"
  name = "google.golang.org/genproto"
  packages = ["googleapis/rpc/status"]
  pruneopts = "NUT"
  revision = "7f0da29060c682909f650ad8ed4e515bd74fa12a"

[[projects]]
  digest = "1:3d43152515ea791363eb0d1d21378fbf70e7df4a3954fd315898532cf5e64a8c"
  name = "google.golang.org/grpc"
  packages = [
    ".",
    "balancer",
    "balancer/base",
    "balancer/roundrobin",
    "codes",
    "connectivity",
    "credentials",
    "encoding",
    "encoding/proto",
    "grpclb/grpc_lb_v1/messages",
    "grpclog",
    "internal",
    "keepalive",
    "metadata",
    "naming",
    "peer",
    "resolver",
    "resolver/dns",
    "resolver/passthrough",
    "stats",
    "status",
    "tap",
    "transport",
  ]
  pruneopts = "NUT"
  revision = "d11072e7ca9811b1100b80ca0269ac831f06d024"

[solve-meta]
  analyzer-name = "dep"
  analyzer-version = 1
  input-imports = [
    "github.com/docker/docker/pkg/parsers",
    "github.com/gogo/protobuf/gogoproto",
    "github.com/gogo/protobuf/jsonpb",
    "github.com/gogo/protobuf/proto",
    "github.com/gogo/protobuf/types",
    "github.com/grpc-ecosystem/grpc-opentracing/go/otgrpc",
    "github.com/hashicorp/yamux",
    "github.com/mdlayher/vsock",
    "github.com/opencontainers/runc/libcontainer",
    "github.com/opencontainers/runc/libcontainer/cgroups",
    "github.com/opencontainers/runc/libcontainer/configs",
    "github.com/opencontainers/runc/libcontainer/nsenter",
    "github.com/opencontainers/runc/libcontainer/seccomp",
    "github.com/opencontainers/runc/libcontainer/specconv",
    "github.com/opencontainers/runc/libcontainer/utils",
    "github.com/opencontainers/runtime-spec/specs-go",
    "github.com/opentracing/opentracing-go",
    "github.com/pkg/errors",
    "github.com/sirupsen/logrus",
    "github.com/stretchr/testify/assert",
    "github.com/uber/jaeger-client-go/config",
    "github.com/vishvananda/netlink",
    "github.com/vishvananda/netns",
    "golang.org/x/net/context",
    "golang.org/x/sys/unix",
    "google.golang.org/grpc",
    "google.golang.org/grpc/codes",
    "google.golang.org/grpc/status",
  ]
  solver-name = "gps-cdcl"
  solver-version = 1
